// !$*UTF8*$!
{
	archiveVersion = 1;
	classes = {
	};
	objectVersion = 56;
	objects = {

/* Begin PBXBuildFile section */
		714033C42B41995F00848D2B /* ReminderListStyle.swift in Sources */ = {isa = PBXBuildFile; fileRef = 714033C32B41995F00848D2B /* ReminderListStyle.swift */; };
		714033C62B42331100848D2B /* ProgressHeaderView.swift in Sources */ = {isa = PBXBuildFile; fileRef = 714033C52B42331100848D2B /* ProgressHeaderView.swift */; };
		714033C82B4234D600848D2B /* README.md in Resources */ = {isa = PBXBuildFile; fileRef = 714033C72B4234D600848D2B /* README.md */; };
		714033CA2B423D6400848D2B /* CAGradientLayer+ListStyle.swift in Sources */ = {isa = PBXBuildFile; fileRef = 714033C92B423D6400848D2B /* CAGradientLayer+ListStyle.swift */; };
		71EA60192B37FCB100194920 /* Date+Today.swift in Sources */ = {isa = PBXBuildFile; fileRef = 71EA60182B37FCB100194920 /* Date+Today.swift */; };
		71EA601D2B37FFC700194920 /* ReminderListViewController+DataSource.swift in Sources */ = {isa = PBXBuildFile; fileRef = 71EA601C2B37FFC700194920 /* ReminderListViewController+DataSource.swift */; };
		71EA601F2B3822C100194920 /* ReminderDoneButton.swift in Sources */ = {isa = PBXBuildFile; fileRef = 71EA601E2B3822C100194920 /* ReminderDoneButton.swift */; };
		71EA60212B38233A00194920 /* ReminderListViewController+Actions.swift in Sources */ = {isa = PBXBuildFile; fileRef = 71EA60202B38233A00194920 /* ReminderListViewController+Actions.swift */; };
		71EA60232B38289E00194920 /* ReminderViewController.swift in Sources */ = {isa = PBXBuildFile; fileRef = 71EA60222B38289E00194920 /* ReminderViewController.swift */; };
		71EA60262B3829AC00194920 /* ReminderViewController+Row.swift in Sources */ = {isa = PBXBuildFile; fileRef = 71EA60252B3829AC00194920 /* ReminderViewController+Row.swift */; };
		71EA60282B386A2C00194920 /* ReminderViewController+Section.swift in Sources */ = {isa = PBXBuildFile; fileRef = 71EA60272B386A2C00194920 /* ReminderViewController+Section.swift */; };
		71EA602A2B399E3200194920 /* ReminderViewController+CellConfiguration.swift in Sources */ = {isa = PBXBuildFile; fileRef = 71EA60292B399E3200194920 /* ReminderViewController+CellConfiguration.swift */; };
		71EA602D2B399F6C00194920 /* UIView+PinnedSubView.swift in Sources */ = {isa = PBXBuildFile; fileRef = 71EA602C2B399F6C00194920 /* UIView+PinnedSubView.swift */; };
		71EA602F2B39A0DB00194920 /* TextFieldContentView.swift in Sources */ = {isa = PBXBuildFile; fileRef = 71EA602E2B39A0DB00194920 /* TextFieldContentView.swift */; };
		71EA60312B39A1D400194920 /* UIContentConfiguration+Stateless.swift in Sources */ = {isa = PBXBuildFile; fileRef = 71EA60302B39A1D400194920 /* UIContentConfiguration+Stateless.swift */; };
		71EA60332B39A51800194920 /* TextViewContentView.swift in Sources */ = {isa = PBXBuildFile; fileRef = 71EA60322B39A51800194920 /* TextViewContentView.swift */; };
		71EA60352B39A64700194920 /* DatePickerContentView.swift in Sources */ = {isa = PBXBuildFile; fileRef = 71EA60342B39A64700194920 /* DatePickerContentView.swift */; };
		71F8620B2B2F2D4800E1A361 /* AppDelegate.swift in Sources */ = {isa = PBXBuildFile; fileRef = 71F8620A2B2F2D4800E1A361 /* AppDelegate.swift */; };
		71F8620D2B2F2D4800E1A361 /* SceneDelegate.swift in Sources */ = {isa = PBXBuildFile; fileRef = 71F8620C2B2F2D4800E1A361 /* SceneDelegate.swift */; };
		71F8620F2B2F2D4800E1A361 /* ReminderListViewController.swift in Sources */ = {isa = PBXBuildFile; fileRef = 71F8620E2B2F2D4800E1A361 /* ReminderListViewController.swift */; };
		71F862122B2F2D4800E1A361 /* Main.storyboard in Resources */ = {isa = PBXBuildFile; fileRef = 71F862102B2F2D4800E1A361 /* Main.storyboard */; };
		71F862142B2F2D4900E1A361 /* Assets.xcassets in Resources */ = {isa = PBXBuildFile; fileRef = 71F862132B2F2D4900E1A361 /* Assets.xcassets */; };
		71F862172B2F2D4900E1A361 /* LaunchScreen.storyboard in Resources */ = {isa = PBXBuildFile; fileRef = 71F862152B2F2D4900E1A361 /* LaunchScreen.storyboard */; };
		71F862202B2F2F3500E1A361 /* Reminder.swift in Sources */ = {isa = PBXBuildFile; fileRef = 71F8621F2B2F2F3500E1A361 /* Reminder.swift */; };
/* End PBXBuildFile section */

/* Begin PBXFileReference section */
		714033C32B41995F00848D2B /* ReminderListStyle.swift */ = {isa = PBXFileReference; lastKnownFileType = sourcecode.swift; path = ReminderListStyle.swift; sourceTree = "<group>"; };
		714033C52B42331100848D2B /* ProgressHeaderView.swift */ = {isa = PBXFileReference; lastKnownFileType = sourcecode.swift; path = ProgressHeaderView.swift; sourceTree = "<group>"; };
		714033C72B4234D600848D2B /* README.md */ = {isa = PBXFileReference; lastKnownFileType = net.daringfireball.markdown; path = README.md; sourceTree = "<group>"; };
		714033C92B423D6400848D2B /* CAGradientLayer+ListStyle.swift */ = {isa = PBXFileReference; lastKnownFileType = sourcecode.swift; path = "CAGradientLayer+ListStyle.swift"; sourceTree = "<group>"; };
		71EA60182B37FCB100194920 /* Date+Today.swift */ = {isa = PBXFileReference; lastKnownFileType = sourcecode.swift; path = "Date+Today.swift"; sourceTree = "<group>"; };
		71EA601C2B37FFC700194920 /* ReminderListViewController+DataSource.swift */ = {isa = PBXFileReference; lastKnownFileType = sourcecode.swift; path = "ReminderListViewController+DataSource.swift"; sourceTree = "<group>"; };
		71EA601E2B3822C100194920 /* ReminderDoneButton.swift */ = {isa = PBXFileReference; lastKnownFileType = sourcecode.swift; path = ReminderDoneButton.swift; sourceTree = "<group>"; };
		71EA60202B38233A00194920 /* ReminderListViewController+Actions.swift */ = {isa = PBXFileReference; lastKnownFileType = sourcecode.swift; path = "ReminderListViewController+Actions.swift"; sourceTree = "<group>"; };
		71EA60222B38289E00194920 /* ReminderViewController.swift */ = {isa = PBXFileReference; lastKnownFileType = sourcecode.swift; path = ReminderViewController.swift; sourceTree = "<group>"; };
		71EA60252B3829AC00194920 /* ReminderViewController+Row.swift */ = {isa = PBXFileReference; lastKnownFileType = sourcecode.swift; path = "ReminderViewController+Row.swift"; sourceTree = "<group>"; };
		71EA60272B386A2C00194920 /* ReminderViewController+Section.swift */ = {isa = PBXFileReference; lastKnownFileType = sourcecode.swift; path = "ReminderViewController+Section.swift"; sourceTree = "<group>"; };
		71EA60292B399E3200194920 /* ReminderViewController+CellConfiguration.swift */ = {isa = PBXFileReference; lastKnownFileType = sourcecode.swift; path = "ReminderViewController+CellConfiguration.swift"; sourceTree = "<group>"; };
		71EA602C2B399F6C00194920 /* UIView+PinnedSubView.swift */ = {isa = PBXFileReference; lastKnownFileType = sourcecode.swift; path = "UIView+PinnedSubView.swift"; sourceTree = "<group>"; };
		71EA602E2B39A0DB00194920 /* TextFieldContentView.swift */ = {isa = PBXFileReference; lastKnownFileType = sourcecode.swift; path = TextFieldContentView.swift; sourceTree = "<group>"; };
		71EA60302B39A1D400194920 /* UIContentConfiguration+Stateless.swift */ = {isa = PBXFileReference; lastKnownFileType = sourcecode.swift; path = "UIContentConfiguration+Stateless.swift"; sourceTree = "<group>"; };
		71EA60322B39A51800194920 /* TextViewContentView.swift */ = {isa = PBXFileReference; lastKnownFileType = sourcecode.swift; path = TextViewContentView.swift; sourceTree = "<group>"; };
		71EA60342B39A64700194920 /* DatePickerContentView.swift */ = {isa = PBXFileReference; lastKnownFileType = sourcecode.swift; path = DatePickerContentView.swift; sourceTree = "<group>"; };
		71F862072B2F2D4800E1A361 /* Today.app */ = {isa = PBXFileReference; explicitFileType = wrapper.application; includeInIndex = 0; path = Today.app; sourceTree = BUILT_PRODUCTS_DIR; };
		71F8620A2B2F2D4800E1A361 /* AppDelegate.swift */ = {isa = PBXFileReference; lastKnownFileType = sourcecode.swift; path = AppDelegate.swift; sourceTree = "<group>"; };
		71F8620C2B2F2D4800E1A361 /* SceneDelegate.swift */ = {isa = PBXFileReference; lastKnownFileType = sourcecode.swift; path = SceneDelegate.swift; sourceTree = "<group>"; };
		71F8620E2B2F2D4800E1A361 /* ReminderListViewController.swift */ = {isa = PBXFileReference; lastKnownFileType = sourcecode.swift; path = ReminderListViewController.swift; sourceTree = "<group>"; };
		71F862112B2F2D4800E1A361 /* Base */ = {isa = PBXFileReference; lastKnownFileType = file.storyboard; name = Base; path = Base.lproj/Main.storyboard; sourceTree = "<group>"; };
		71F862132B2F2D4900E1A361 /* Assets.xcassets */ = {isa = PBXFileReference; lastKnownFileType = folder.assetcatalog; path = Assets.xcassets; sourceTree = "<group>"; };
		71F862162B2F2D4900E1A361 /* Base */ = {isa = PBXFileReference; lastKnownFileType = file.storyboard; name = Base; path = Base.lproj/LaunchScreen.storyboard; sourceTree = "<group>"; };
		71F862182B2F2D4900E1A361 /* Info.plist */ = {isa = PBXFileReference; lastKnownFileType = text.plist.xml; path = Info.plist; sourceTree = "<group>"; };
		71F8621F2B2F2F3500E1A361 /* Reminder.swift */ = {isa = PBXFileReference; lastKnownFileType = sourcecode.swift; path = Reminder.swift; sourceTree = "<group>"; };
/* End PBXFileReference section */

/* Begin PBXFrameworksBuildPhase section */
		71F862042B2F2D4800E1A361 /* Frameworks */ = {
			isa = PBXFrameworksBuildPhase;
			buildActionMask = 2147483647;
			files = (
			);
			runOnlyForDeploymentPostprocessing = 0;
		};
/* End PBXFrameworksBuildPhase section */

/* Begin PBXGroup section */
		71EA601B2B37FFAB00194920 /* ListViewController */ = {
			isa = PBXGroup;
			children = (
				71F8620E2B2F2D4800E1A361 /* ReminderListViewController.swift */,
				71EA601C2B37FFC700194920 /* ReminderListViewController+DataSource.swift */,
				71EA601E2B3822C100194920 /* ReminderDoneButton.swift */,
				71EA60202B38233A00194920 /* ReminderListViewController+Actions.swift */,
				714033C52B42331100848D2B /* ProgressHeaderView.swift */,
			);
			path = ListViewController;
			sourceTree = "<group>";
		};
		71EA60242B38298A00194920 /* DetailViewController */ = {
			isa = PBXGroup;
			children = (
				71EA60222B38289E00194920 /* ReminderViewController.swift */,
				71EA60252B3829AC00194920 /* ReminderViewController+Row.swift */,
				71EA60272B386A2C00194920 /* ReminderViewController+Section.swift */,
				71EA60292B399E3200194920 /* ReminderViewController+CellConfiguration.swift */,
			);
			path = DetailViewController;
			sourceTree = "<group>";
		};
		71EA602B2B399F3300194920 /* ContentViews */ = {
			isa = PBXGroup;
			children = (
				71EA602C2B399F6C00194920 /* UIView+PinnedSubView.swift */,
				71EA602E2B39A0DB00194920 /* TextFieldContentView.swift */,
				71EA60302B39A1D400194920 /* UIContentConfiguration+Stateless.swift */,
				71EA60322B39A51800194920 /* TextViewContentView.swift */,
				71EA60342B39A64700194920 /* DatePickerContentView.swift */,
			);
			path = ContentViews;
			sourceTree = "<group>";
		};
		71F861FE2B2F2D4800E1A361 = {
			isa = PBXGroup;
			children = (
				714033C72B4234D600848D2B /* README.md */,
				71F862092B2F2D4800E1A361 /* Today */,
				71F862082B2F2D4800E1A361 /* Products */,
			);
			sourceTree = "<group>";
		};
		71F862082B2F2D4800E1A361 /* Products */ = {
			isa = PBXGroup;
			children = (
				71F862072B2F2D4800E1A361 /* Today.app */,
			);
			name = Products;
			sourceTree = "<group>";
		};
		71F862092B2F2D4800E1A361 /* Today */ = {
			isa = PBXGroup;
			children = (
				71EA602B2B399F3300194920 /* ContentViews */,
				71EA60242B38298A00194920 /* DetailViewController */,
				71F8621E2B2F2F1F00E1A361 /* Models */,
				71F8620A2B2F2D4800E1A361 /* AppDelegate.swift */,
				71F8620C2B2F2D4800E1A361 /* SceneDelegate.swift */,
				71EA601B2B37FFAB00194920 /* ListViewController */,
				71F862102B2F2D4800E1A361 /* Main.storyboard */,
				71F862132B2F2D4900E1A361 /* Assets.xcassets */,
				71F862152B2F2D4900E1A361 /* LaunchScreen.storyboard */,
				71F862182B2F2D4900E1A361 /* Info.plist */,
			);
			path = Today;
			sourceTree = "<group>";
		};
		71F8621E2B2F2F1F00E1A361 /* Models */ = {
			isa = PBXGroup;
			children = (
				71F8621F2B2F2F3500E1A361 /* Reminder.swift */,
				71EA60182B37FCB100194920 /* Date+Today.swift */,
				714033C32B41995F00848D2B /* ReminderListStyle.swift */,
				714033C92B423D6400848D2B /* CAGradientLayer+ListStyle.swift */,
			);
			path = Models;
			sourceTree = "<group>";
		};
/* End PBXGroup section */

/* Begin PBXNativeTarget section */
		71F862062B2F2D4800E1A361 /* Today */ = {
			isa = PBXNativeTarget;
			buildConfigurationList = 71F8621B2B2F2D4900E1A361 /* Build configuration list for PBXNativeTarget "Today" */;
			buildPhases = (
				71F862032B2F2D4800E1A361 /* Sources */,
				71F862042B2F2D4800E1A361 /* Frameworks */,
				71F862052B2F2D4800E1A361 /* Resources */,
			);
			buildRules = (
			);
			dependencies = (
			);
			name = Today;
			productName = Today;
			productReference = 71F862072B2F2D4800E1A361 /* Today.app */;
			productType = "com.apple.product-type.application";
		};
/* End PBXNativeTarget section */

/* Begin PBXProject section */
		71F861FF2B2F2D4800E1A361 /* Project object */ = {
			isa = PBXProject;
			attributes = {
				BuildIndependentTargetsInParallel = 1;
				LastSwiftUpdateCheck = 1500;
				LastUpgradeCheck = 1500;
				TargetAttributes = {
					71F862062B2F2D4800E1A361 = {
						CreatedOnToolsVersion = 15.0.1;
					};
				};
			};
			buildConfigurationList = 71F862022B2F2D4800E1A361 /* Build configuration list for PBXProject "Today" */;
			compatibilityVersion = "Xcode 14.0";
			developmentRegion = en;
			hasScannedForEncodings = 0;
			knownRegions = (
				en,
				Base,
			);
			mainGroup = 71F861FE2B2F2D4800E1A361;
			productRefGroup = 71F862082B2F2D4800E1A361 /* Products */;
			projectDirPath = "";
			projectRoot = "";
			targets = (
				71F862062B2F2D4800E1A361 /* Today */,
			);
		};
/* End PBXProject section */

/* Begin PBXResourcesBuildPhase section */
		71F862052B2F2D4800E1A361 /* Resources */ = {
			isa = PBXResourcesBuildPhase;
			buildActionMask = 2147483647;
			files = (
				71F862172B2F2D4900E1A361 /* LaunchScreen.storyboard in Resources */,
				71F862142B2F2D4900E1A361 /* Assets.xcassets in Resources */,
				714033C82B4234D600848D2B /* README.md in Resources */,
				71F862122B2F2D4800E1A361 /* Main.storyboard in Resources */,
			);
			runOnlyForDeploymentPostprocessing = 0;
		};
/* End PBXResourcesBuildPhase section */

/* Begin PBXSourcesBuildPhase section */
		71F862032B2F2D4800E1A361 /* Sources */ = {
			isa = PBXSourcesBuildPhase;
			buildActionMask = 2147483647;
			files = (
				71EA60212B38233A00194920 /* ReminderListViewController+Actions.swift in Sources */,
				71EA60352B39A64700194920 /* DatePickerContentView.swift in Sources */,
				71F8620F2B2F2D4800E1A361 /* ReminderListViewController.swift in Sources */,
				71EA60192B37FCB100194920 /* Date+Today.swift in Sources */,
				71F8620B2B2F2D4800E1A361 /* AppDelegate.swift in Sources */,
				714033C62B42331100848D2B /* ProgressHeaderView.swift in Sources */,
				71EA60282B386A2C00194920 /* ReminderViewController+Section.swift in Sources */,
				71EA60312B39A1D400194920 /* UIContentConfiguration+Stateless.swift in Sources */,
				71EA602A2B399E3200194920 /* ReminderViewController+CellConfiguration.swift in Sources */,
				71F8620D2B2F2D4800E1A361 /* SceneDelegate.swift in Sources */,
				714033C42B41995F00848D2B /* ReminderListStyle.swift in Sources */,
				71EA60232B38289E00194920 /* ReminderViewController.swift in Sources */,
				71EA60262B3829AC00194920 /* ReminderViewController+Row.swift in Sources */,
				714033CA2B423D6400848D2B /* CAGradientLayer+ListStyle.swift in Sources */,
				71EA60332B39A51800194920 /* TextViewContentView.swift in Sources */,
				71EA602D2B399F6C00194920 /* UIView+PinnedSubView.swift in Sources */,
				71F862202B2F2F3500E1A361 /* Reminder.swift in Sources */,
				71EA601F2B3822C100194920 /* ReminderDoneButton.swift in Sources */,
				71EA602F2B39A0DB00194920 /* TextFieldContentView.swift in Sources */,
				71EA601D2B37FFC700194920 /* ReminderListViewController+DataSource.swift in Sources */,
			);
			runOnlyForDeploymentPostprocessing = 0;
		};
/* End PBXSourcesBuildPhase section */

/* Begin PBXVariantGroup section */
		71F862102B2F2D4800E1A361 /* Main.storyboard */ = {
			isa = PBXVariantGroup;
			children = (
				71F862112B2F2D4800E1A361 /* Base */,
			);
			name = Main.storyboard;
			sourceTree = "<group>";
		};
		71F862152B2F2D4900E1A361 /* LaunchScreen.storyboard */ = {
			isa = PBXVariantGroup;
			children = (
				71F862162B2F2D4900E1A361 /* Base */,
			);
			name = LaunchScreen.storyboard;
			sourceTree = "<group>";
		};
/* End PBXVariantGroup section */

/* Begin XCBuildConfiguration section */
		71F862192B2F2D4900E1A361 /* Debug */ = {
			isa = XCBuildConfiguration;
			buildSettings = {
				ALWAYS_SEARCH_USER_PATHS = NO;
				ASSETCATALOG_COMPILER_GENERATE_SWIFT_ASSET_SYMBOL_EXTENSIONS = YES;
				CLANG_ANALYZER_NONNULL = YES;
				CLANG_ANALYZER_NUMBER_OBJECT_CONVERSION = YES_AGGRESSIVE;
				CLANG_CXX_LANGUAGE_STANDARD = "gnu++20";
				CLANG_ENABLE_MODULES = YES;
				CLANG_ENABLE_OBJC_ARC = YES;
				CLANG_ENABLE_OBJC_WEAK = YES;
				CLANG_WARN_BLOCK_CAPTURE_AUTORELEASING = YES;
				CLANG_WARN_BOOL_CONVERSION = YES;
				CLANG_WARN_COMMA = YES;
				CLANG_WARN_CONSTANT_CONVERSION = YES;
				CLANG_WARN_DEPRECATED_OBJC_IMPLEMENTATIONS = YES;
				CLANG_WARN_DIRECT_OBJC_ISA_USAGE = YES_ERROR;
				CLANG_WARN_DOCUMENTATION_COMMENTS = YES;
				CLANG_WARN_EMPTY_BODY = YES;
				CLANG_WARN_ENUM_CONVERSION = YES;
				CLANG_WARN_INFINITE_RECURSION = YES;
				CLANG_WARN_INT_CONVERSION = YES;
				CLANG_WARN_NON_LITERAL_NULL_CONVERSION = YES;
				CLANG_WARN_OBJC_IMPLICIT_RETAIN_SELF = YES;
				CLANG_WARN_OBJC_LITERAL_CONVERSION = YES;
				CLANG_WARN_OBJC_ROOT_CLASS = YES_ERROR;
				CLANG_WARN_QUOTED_INCLUDE_IN_FRAMEWORK_HEADER = YES;
				CLANG_WARN_RANGE_LOOP_ANALYSIS = YES;
				CLANG_WARN_STRICT_PROTOTYPES = YES;
				CLANG_WARN_SUSPICIOUS_MOVE = YES;
				CLANG_WARN_UNGUARDED_AVAILABILITY = YES_AGGRESSIVE;
				CLANG_WARN_UNREACHABLE_CODE = YES;
				CLANG_WARN__DUPLICATE_METHOD_MATCH = YES;
				COPY_PHASE_STRIP = NO;
				DEBUG_INFORMATION_FORMAT = dwarf;
				ENABLE_STRICT_OBJC_MSGSEND = YES;
				ENABLE_TESTABILITY = YES;
				ENABLE_USER_SCRIPT_SANDBOXING = YES;
				GCC_C_LANGUAGE_STANDARD = gnu17;
				GCC_DYNAMIC_NO_PIC = NO;
				GCC_NO_COMMON_BLOCKS = YES;
				GCC_OPTIMIZATION_LEVEL = 0;
				GCC_PREPROCESSOR_DEFINITIONS = (
					"DEBUG=1",
					"$(inherited)",
				);
				GCC_WARN_64_TO_32_BIT_CONVERSION = YES;
				GCC_WARN_ABOUT_RETURN_TYPE = YES_ERROR;
				GCC_WARN_UNDECLARED_SELECTOR = YES;
				GCC_WARN_UNINITIALIZED_AUTOS = YES_AGGRESSIVE;
				GCC_WARN_UNUSED_FUNCTION = YES;
				GCC_WARN_UNUSED_VARIABLE = YES;
				IPHONEOS_DEPLOYMENT_TARGET = 17.0;
				LOCALIZATION_PREFERS_STRING_CATALOGS = YES;
				MTL_ENABLE_DEBUG_INFO = INCLUDE_SOURCE;
				MTL_FAST_MATH = YES;
				ONLY_ACTIVE_ARCH = YES;
				SDKROOT = iphoneos;
				SWIFT_ACTIVE_COMPILATION_CONDITIONS = "DEBUG $(inherited)";
				SWIFT_OPTIMIZATION_LEVEL = "-Onone";
			};
			name = Debug;
		};
		71F8621A2B2F2D4900E1A361 /* Release */ = {
			isa = XCBuildConfiguration;
			buildSettings = {
				ALWAYS_SEARCH_USER_PATHS = NO;
				ASSETCATALOG_COMPILER_GENERATE_SWIFT_ASSET_SYMBOL_EXTENSIONS = YES;
				CLANG_ANALYZER_NONNULL = YES;
				CLANG_ANALYZER_NUMBER_OBJECT_CONVERSION = YES_AGGRESSIVE;
				CLANG_CXX_LANGUAGE_STANDARD = "gnu++20";
				CLANG_ENABLE_MODULES = YES;
				CLANG_ENABLE_OBJC_ARC = YES;
				CLANG_ENABLE_OBJC_WEAK = YES;
				CLANG_WARN_BLOCK_CAPTURE_AUTORELEASING = YES;
				CLANG_WARN_BOOL_CONVERSION = YES;
				CLANG_WARN_COMMA = YES;
				CLANG_WARN_CONSTANT_CONVERSION = YES;
				CLANG_WARN_DEPRECATED_OBJC_IMPLEMENTATIONS = YES;
				CLANG_WARN_DIRECT_OBJC_ISA_USAGE = YES_ERROR;
				CLANG_WARN_DOCUMENTATION_COMMENTS = YES;
				CLANG_WARN_EMPTY_BODY = YES;
				CLANG_WARN_ENUM_CONVERSION = YES;
				CLANG_WARN_INFINITE_RECURSION = YES;
				CLANG_WARN_INT_CONVERSION = YES;
				CLANG_WARN_NON_LITERAL_NULL_CONVERSION = YES;
				CLANG_WARN_OBJC_IMPLICIT_RETAIN_SELF = YES;
				CLANG_WARN_OBJC_LITERAL_CONVERSION = YES;
				CLANG_WARN_OBJC_ROOT_CLASS = YES_ERROR;
				CLANG_WARN_QUOTED_INCLUDE_IN_FRAMEWORK_HEADER = YES;
				CLANG_WARN_RANGE_LOOP_ANALYSIS = YES;
				CLANG_WARN_STRICT_PROTOTYPES = YES;
				CLANG_WARN_SUSPICIOUS_MOVE = YES;
				CLANG_WARN_UNGUARDED_AVAILABILITY = YES_AGGRESSIVE;
				CLANG_WARN_UNREACHABLE_CODE = YES;
				CLANG_WARN__DUPLICATE_METHOD_MATCH = YES;
				COPY_PHASE_STRIP = NO;
				DEBUG_INFORMATION_FORMAT = "dwarf-with-dsym";
				ENABLE_NS_ASSERTIONS = NO;
				ENABLE_STRICT_OBJC_MSGSEND = YES;
				ENABLE_USER_SCRIPT_SANDBOXING = YES;
				GCC_C_LANGUAGE_STANDARD = gnu17;
				GCC_NO_COMMON_BLOCKS = YES;
				GCC_WARN_64_TO_32_BIT_CONVERSION = YES;
				GCC_WARN_ABOUT_RETURN_TYPE = YES_ERROR;
				GCC_WARN_UNDECLARED_SELECTOR = YES;
				GCC_WARN_UNINITIALIZED_AUTOS = YES_AGGRESSIVE;
				GCC_WARN_UNUSED_FUNCTION = YES;
				GCC_WARN_UNUSED_VARIABLE = YES;
				IPHONEOS_DEPLOYMENT_TARGET = 17.0;
				LOCALIZATION_PREFERS_STRING_CATALOGS = YES;
				MTL_ENABLE_DEBUG_INFO = NO;
				MTL_FAST_MATH = YES;
				SDKROOT = iphoneos;
				SWIFT_COMPILATION_MODE = wholemodule;
				VALIDATE_PRODUCT = YES;
			};
			name = Release;
		};
		71F8621C2B2F2D4900E1A361 /* Debug */ = {
			isa = XCBuildConfiguration;
			buildSettings = {
				ASSETCATALOG_COMPILER_APPICON_NAME = AppIcon;
				ASSETCATALOG_COMPILER_GLOBAL_ACCENT_COLOR_NAME = AccentColor;
				CODE_SIGN_STYLE = Automatic;
				CURRENT_PROJECT_VERSION = 1;
				DEVELOPMENT_TEAM = M9Z2U7MTJ4;
				GENERATE_INFOPLIST_FILE = YES;
				INFOPLIST_FILE = Today/Info.plist;
				INFOPLIST_KEY_UIApplicationSupportsIndirectInputEvents = YES;
				INFOPLIST_KEY_UILaunchStoryboardName = LaunchScreen;
				INFOPLIST_KEY_UIMainStoryboardFile = Main;
				INFOPLIST_KEY_UISupportedInterfaceOrientations_iPad = "UIInterfaceOrientationPortrait UIInterfaceOrientationPortraitUpsideDown UIInterfaceOrientationLandscapeLeft UIInterfaceOrientationLandscapeRight";
				INFOPLIST_KEY_UISupportedInterfaceOrientations_iPhone = "UIInterfaceOrientationPortrait UIInterfaceOrientationLandscapeLeft UIInterfaceOrientationLandscapeRight";
				LD_RUNPATH_SEARCH_PATHS = (
					"$(inherited)",
					"@executable_path/Frameworks",
				);
				MARKETING_VERSION = 1.0;
				PRODUCT_BUNDLE_IDENTIFIER = com.djabaridev.Today;
				PRODUCT_NAME = "$(TARGET_NAME)";
				SWIFT_EMIT_LOC_STRINGS = YES;
				SWIFT_VERSION = 5.0;
				TARGETED_DEVICE_FAMILY = "1,2";
			};
			name = Debug;
		};
		71F8621D2B2F2D4900E1A361 /* Release */ = {
			isa = XCBuildConfiguration;
			buildSettings = {
				ASSETCATALOG_COMPILER_APPICON_NAME = AppIcon;
				ASSETCATALOG_COMPILER_GLOBAL_ACCENT_COLOR_NAME = AccentColor;
				CODE_SIGN_STYLE = Automatic;
				CURRENT_PROJECT_VERSION = 1;
				DEVELOPMENT_TEAM = M9Z2U7MTJ4;
				GENERATE_INFOPLIST_FILE = YES;
				INFOPLIST_FILE = Today/Info.plist;
				INFOPLIST_KEY_UIApplicationSupportsIndirectInputEvents = YES;
				INFOPLIST_KEY_UILaunchStoryboardName = LaunchScreen;
				INFOPLIST_KEY_UIMainStoryboardFile = Main;
				INFOPLIST_KEY_UISupportedInterfaceOrientations_iPad = "UIInterfaceOrientationPortrait UIInterfaceOrientationPortraitUpsideDown UIInterfaceOrientationLandscapeLeft UIInterfaceOrientationLandscapeRight";
				INFOPLIST_KEY_UISupportedInterfaceOrientations_iPhone = "UIInterfaceOrientationPortrait UIInterfaceOrientationLandscapeLeft UIInterfaceOrientationLandscapeRight";
				LD_RUNPATH_SEARCH_PATHS = (
					"$(inherited)",
					"@executable_path/Frameworks",
				);
				MARKETING_VERSION = 1.0;
				PRODUCT_BUNDLE_IDENTIFIER = com.djabaridev.Today;
				PRODUCT_NAME = "$(TARGET_NAME)";
				SWIFT_EMIT_LOC_STRINGS = YES;
				SWIFT_VERSION = 5.0;
				TARGETED_DEVICE_FAMILY = "1,2";
			};
			name = Release;
		};
/* End XCBuildConfiguration section */

/* Begin XCConfigurationList section */
		71F862022B2F2D4800E1A361 /* Build configuration list for PBXProject "Today" */ = {
			isa = XCConfigurationList;
			buildConfigurations = (
				71F862192B2F2D4900E1A361 /* Debug */,
				71F8621A2B2F2D4900E1A361 /* Release */,
			);
			defaultConfigurationIsVisible = 0;
			defaultConfigurationName = Release;
		};
		71F8621B2B2F2D4900E1A361 /* Build configuration list for PBXNativeTarget "Today" */ = {
			isa = XCConfigurationList;
			buildConfigurations = (
				71F8621C2B2F2D4900E1A361 /* Debug */,
				71F8621D2B2F2D4900E1A361 /* Release */,
			);
			defaultConfigurationIsVisible = 0;
			defaultConfigurationName = Release;
		};
/* End XCConfigurationList section */
	};
	rootObject = 71F861FF2B2F2D4800E1A361 /* Project object */;
}
